
Microsoft Visual Studio Solution File, Format Version 12.00
# Visual Studio Version 17
VisualStudioVersion = 17.10.35004.147
MinimumVisualStudioVersion = 10.0.40219.1
Project("{9A19103F-16F7-4668-BE54-9A1E7A4F7556}") = "Customers", "Customers\Customers.csproj", "{3D592DA6-6528-4F2A-9D9F-8AAC951C07CF}"
EndProject
Global
	GlobalSection(SolutionConfigurationPlatforms) = preSolution
		Debug|Any CPU = Debug|Any CPU
		Release|Any CPU = Release|Any CPU
	EndGlobalSection
	GlobalSection(ProjectConfigurationPlatforms) = postSolution
		{3D592DA6-6528-4F2A-9D9F-8AAC951C07CF}.Debug|Any CPU.ActiveCfg = Debug|Any CPU
		{3D592DA6-6528-4F2A-9D9F-8AAC951C07CF}.Debug|Any CPU.Build.0 = Debug|Any CPU
		{3D592DA6-6528-4F2A-9D9F-8AAC951C07CF}.Release|Any CPU.ActiveCfg = Release|Any CPU
		{3D592DA6-6528-4F2A-9D9F-8AAC951C07CF}.Release|Any CPU.Build.0 = Release|Any CPU
	EndGlobalSection
	GlobalSection(SolutionProperties) = preSolution
		HideSolutionNode = FALSE
	EndGlobalSection
	GlobalSection(ExtensibilityGlobals) = postSolution
		SolutionGuid = {54A39B98-70F1-4612-AFB2-52F78616BF74}
	EndGlobalSection
EndGlobal
